
Microsoft Visual Studio Solution File, Format Version 12.00
# Visual Studio Version 16
VisualStudioVersion = 16.0.30114.105
MinimumVisualStudioVersion = 10.0.40219.1
Project("{2150E333-8FDC-42A3-9474-1A3956D46DE8}") = "main", "main", "{DF2FB7BB-5097-439F-83CB-1EB99AEE82EE}"
EndProject
Project("{9A19103F-16F7-4668-BE54-9A1E7A4F7556}") = "GarryDb.Avalonia.Host", "src\main\GarryDb.Avalonia.Host\GarryDb.Avalonia.Host.csproj", "{5869BF45-FE90-45AE-A64B-99B5BB846CF8}"
EndProject
Project("{9A19103F-16F7-4668-BE54-9A1E7A4F7556}") = "GarryDB.Platform", "src\main\GarryDB.Platform\GarryDB.Platform.csproj", "{013207D8-6F5C-45F8-A763-A782EAFA360F}"
EndProject
Project("{9A19103F-16F7-4668-BE54-9A1E7A4F7556}") = "GarryDB.Plugins", "src\main\GarryDB.Plugins\GarryDB.Plugins.csproj", "{553C89E3-10DC-4345-9597-0D0AC693B36E}"
EndProject
Project("{2150E333-8FDC-42A3-9474-1A3956D46DE8}") = "plugins", "plugins", "{2831434B-E6DA-4333-BF60-19BC9D433881}"
EndProject
Project("{9A19103F-16F7-4668-BE54-9A1E7A4F7556}") = "ExtendAvalonia", "src\plugins\ExtendAvalonia\ExtendAvalonia.csproj", "{DC332C06-A037-40C9-A4FA-FBC72F875DCB}"
EndProject
Project("{9A19103F-16F7-4668-BE54-9A1E7A4F7556}") = "LucenePlugin", "src\plugins\LucenePlugin\LucenePlugin.csproj", "{26CF34CD-863C-49EA-B2D6-00E052756232}"
EndProject
Project("{9A19103F-16F7-4668-BE54-9A1E7A4F7556}") = "UIPlugin.Shared", "src\plugins\UIPlugin.Shared\UIPlugin.Shared.csproj", "{57295EE9-05DF-458D-A0F7-80778C120334}"
EndProject
Global
	GlobalSection(SolutionConfigurationPlatforms) = preSolution
		Debug|Any CPU = Debug|Any CPU
		Debug|x64 = Debug|x64
		Debug|x86 = Debug|x86
		Release|Any CPU = Release|Any CPU
		Release|x64 = Release|x64
		Release|x86 = Release|x86
	EndGlobalSection
	GlobalSection(ProjectConfigurationPlatforms) = postSolution
		{5869BF45-FE90-45AE-A64B-99B5BB846CF8}.Debug|Any CPU.ActiveCfg = Debug|Any CPU
		{5869BF45-FE90-45AE-A64B-99B5BB846CF8}.Debug|Any CPU.Build.0 = Debug|Any CPU
		{5869BF45-FE90-45AE-A64B-99B5BB846CF8}.Debug|x64.ActiveCfg = Debug|Any CPU
		{5869BF45-FE90-45AE-A64B-99B5BB846CF8}.Debug|x64.Build.0 = Debug|Any CPU
		{5869BF45-FE90-45AE-A64B-99B5BB846CF8}.Debug|x86.ActiveCfg = Debug|Any CPU
		{5869BF45-FE90-45AE-A64B-99B5BB846CF8}.Debug|x86.Build.0 = Debug|Any CPU
		{5869BF45-FE90-45AE-A64B-99B5BB846CF8}.Release|Any CPU.ActiveCfg = Release|Any CPU
		{5869BF45-FE90-45AE-A64B-99B5BB846CF8}.Release|Any CPU.Build.0 = Release|Any CPU
		{5869BF45-FE90-45AE-A64B-99B5BB846CF8}.Release|x64.ActiveCfg = Release|Any CPU
		{5869BF45-FE90-45AE-A64B-99B5BB846CF8}.Release|x64.Build.0 = Release|Any CPU
		{5869BF45-FE90-45AE-A64B-99B5BB846CF8}.Release|x86.ActiveCfg = Release|Any CPU
		{5869BF45-FE90-45AE-A64B-99B5BB846CF8}.Release|x86.Build.0 = Release|Any CPU
		{013207D8-6F5C-45F8-A763-A782EAFA360F}.Debug|Any CPU.ActiveCfg = Debug|Any CPU
		{013207D8-6F5C-45F8-A763-A782EAFA360F}.Debug|Any CPU.Build.0 = Debug|Any CPU
		{013207D8-6F5C-45F8-A763-A782EAFA360F}.Debug|x64.ActiveCfg = Debug|Any CPU
		{013207D8-6F5C-45F8-A763-A782EAFA360F}.Debug|x64.Build.0 = Debug|Any CPU
		{013207D8-6F5C-45F8-A763-A782EAFA360F}.Debug|x86.ActiveCfg = Debug|Any CPU
		{013207D8-6F5C-45F8-A763-A782EAFA360F}.Debug|x86.Build.0 = Debug|Any CPU
		{013207D8-6F5C-45F8-A763-A782EAFA360F}.Release|Any CPU.ActiveCfg = Release|Any CPU
		{013207D8-6F5C-45F8-A763-A782EAFA360F}.Release|Any CPU.Build.0 = Release|Any CPU
		{013207D8-6F5C-45F8-A763-A782EAFA360F}.Release|x64.ActiveCfg = Release|Any CPU
		{013207D8-6F5C-45F8-A763-A782EAFA360F}.Release|x64.Build.0 = Release|Any CPU
		{013207D8-6F5C-45F8-A763-A782EAFA360F}.Release|x86.ActiveCfg = Release|Any CPU
		{013207D8-6F5C-45F8-A763-A782EAFA360F}.Release|x86.Build.0 = Release|Any CPU
		{553C89E3-10DC-4345-9597-0D0AC693B36E}.Debug|Any CPU.ActiveCfg = Debug|Any CPU
		{553C89E3-10DC-4345-9597-0D0AC693B36E}.Debug|Any CPU.Build.0 = Debug|Any CPU
		{553C89E3-10DC-4345-9597-0D0AC693B36E}.Debug|x64.ActiveCfg = Debug|Any CPU
		{553C89E3-10DC-4345-9597-0D0AC693B36E}.Debug|x64.Build.0 = Debug|Any CPU
		{553C89E3-10DC-4345-9597-0D0AC693B36E}.Debug|x86.ActiveCfg = Debug|Any CPU
		{553C89E3-10DC-4345-9597-0D0AC693B36E}.Debug|x86.Build.0 = Debug|Any CPU
		{553C89E3-10DC-4345-9597-0D0AC693B36E}.Release|Any CPU.ActiveCfg = Release|Any CPU
		{553C89E3-10DC-4345-9597-0D0AC693B36E}.Release|Any CPU.Build.0 = Release|Any CPU
		{553C89E3-10DC-4345-9597-0D0AC693B36E}.Release|x64.ActiveCfg = Release|Any CPU
		{553C89E3-10DC-4345-9597-0D0AC693B36E}.Release|x64.Build.0 = Release|Any CPU
		{553C89E3-10DC-4345-9597-0D0AC693B36E}.Release|x86.ActiveCfg = Release|Any CPU
		{553C89E3-10DC-4345-9597-0D0AC693B36E}.Release|x86.Build.0 = Release|Any CPU
		{DC332C06-A037-40C9-A4FA-FBC72F875DCB}.Debug|Any CPU.ActiveCfg = Debug|Any CPU
		{DC332C06-A037-40C9-A4FA-FBC72F875DCB}.Debug|Any CPU.Build.0 = Debug|Any CPU
		{DC332C06-A037-40C9-A4FA-FBC72F875DCB}.Debug|x64.ActiveCfg = Debug|Any CPU
		{DC332C06-A037-40C9-A4FA-FBC72F875DCB}.Debug|x64.Build.0 = Debug|Any CPU
		{DC332C06-A037-40C9-A4FA-FBC72F875DCB}.Debug|x86.ActiveCfg = Debug|Any CPU
		{DC332C06-A037-40C9-A4FA-FBC72F875DCB}.Debug|x86.Build.0 = Debug|Any CPU
		{DC332C06-A037-40C9-A4FA-FBC72F875DCB}.Release|Any CPU.ActiveCfg = Release|Any CPU
		{DC332C06-A037-40C9-A4FA-FBC72F875DCB}.Release|Any CPU.Build.0 = Release|Any CPU
		{DC332C06-A037-40C9-A4FA-FBC72F875DCB}.Release|x64.ActiveCfg = Release|Any CPU
		{DC332C06-A037-40C9-A4FA-FBC72F875DCB}.Release|x64.Build.0 = Release|Any CPU
		{DC332C06-A037-40C9-A4FA-FBC72F875DCB}.Release|x86.ActiveCfg = Release|Any CPU
		{DC332C06-A037-40C9-A4FA-FBC72F875DCB}.Release|x86.Build.0 = Release|Any CPU
		{26CF34CD-863C-49EA-B2D6-00E052756232}.Debug|Any CPU.ActiveCfg = Debug|Any CPU
		{26CF34CD-863C-49EA-B2D6-00E052756232}.Debug|Any CPU.Build.0 = Debug|Any CPU
		{26CF34CD-863C-49EA-B2D6-00E052756232}.Debug|x64.ActiveCfg = Debug|Any CPU
		{26CF34CD-863C-49EA-B2D6-00E052756232}.Debug|x64.Build.0 = Debug|Any CPU
		{26CF34CD-863C-49EA-B2D6-00E052756232}.Debug|x86.ActiveCfg = Debug|Any CPU
		{26CF34CD-863C-49EA-B2D6-00E052756232}.Debug|x86.Build.0 = Debug|Any CPU
		{26CF34CD-863C-49EA-B2D6-00E052756232}.Release|Any CPU.ActiveCfg = Release|Any CPU
		{26CF34CD-863C-49EA-B2D6-00E052756232}.Release|Any CPU.Build.0 = Release|Any CPU
		{26CF34CD-863C-49EA-B2D6-00E052756232}.Release|x64.ActiveCfg = Release|Any CPU
		{26CF34CD-863C-49EA-B2D6-00E052756232}.Release|x64.Build.0 = Release|Any CPU
		{26CF34CD-863C-49EA-B2D6-00E052756232}.Release|x86.ActiveCfg = Release|Any CPU
		{26CF34CD-863C-49EA-B2D6-00E052756232}.Release|x86.Build.0 = Release|Any CPU
		{57295EE9-05DF-458D-A0F7-80778C120334}.Debug|Any CPU.ActiveCfg = Debug|Any CPU
		{57295EE9-05DF-458D-A0F7-80778C120334}.Debug|Any CPU.Build.0 = Debug|Any CPU
		{57295EE9-05DF-458D-A0F7-80778C120334}.Debug|x64.ActiveCfg = Debug|Any CPU
		{57295EE9-05DF-458D-A0F7-80778C120334}.Debug|x64.Build.0 = Debug|Any CPU
		{57295EE9-05DF-458D-A0F7-80778C120334}.Debug|x86.ActiveCfg = Debug|Any CPU
		{57295EE9-05DF-458D-A0F7-80778C120334}.Debug|x86.Build.0 = Debug|Any CPU
		{57295EE9-05DF-458D-A0F7-80778C120334}.Release|Any CPU.ActiveCfg = Release|Any CPU
		{57295EE9-05DF-458D-A0F7-80778C120334}.Release|Any CPU.Build.0 = Release|Any CPU
		{57295EE9-05DF-458D-A0F7-80778C120334}.Release|x64.ActiveCfg = Release|Any CPU
		{57295EE9-05DF-458D-A0F7-80778C120334}.Release|x64.Build.0 = Release|Any CPU
		{57295EE9-05DF-458D-A0F7-80778C120334}.Release|x86.ActiveCfg = Release|Any CPU
		{57295EE9-05DF-458D-A0F7-80778C120334}.Release|x86.Build.0 = Release|Any CPU
	EndGlobalSection
	GlobalSection(SolutionProperties) = preSolution
		HideSolutionNode = FALSE
	EndGlobalSection
	GlobalSection(NestedProjects) = preSolution
		{5869BF45-FE90-45AE-A64B-99B5BB846CF8} = {DF2FB7BB-5097-439F-83CB-1EB99AEE82EE}
		{013207D8-6F5C-45F8-A763-A782EAFA360F} = {DF2FB7BB-5097-439F-83CB-1EB99AEE82EE}
		{553C89E3-10DC-4345-9597-0D0AC693B36E} = {DF2FB7BB-5097-439F-83CB-1EB99AEE82EE}
		{DC332C06-A037-40C9-A4FA-FBC72F875DCB} = {2831434B-E6DA-4333-BF60-19BC9D433881}
		{26CF34CD-863C-49EA-B2D6-00E052756232} = {2831434B-E6DA-4333-BF60-19BC9D433881}
		{57295EE9-05DF-458D-A0F7-80778C120334} = {2831434B-E6DA-4333-BF60-19BC9D433881}
	EndGlobalSection
	GlobalSection(ExtensibilityGlobals) = postSolution
		SolutionGuid = {E525861D-F971-477D-A812-7B2E00467DBF}
	EndGlobalSection
EndGlobal
