
Microsoft Visual Studio Solution File, Format Version 12.00
# Visual Studio Version 16
VisualStudioVersion = 16.0.31424.327
MinimumVisualStudioVersion = 10.0.40219.1
Project("{2150E333-8FDC-42A3-9474-1A3956D46DE8}") = "Solution Items", "Solution Items", "{A500D6C0-659C-4202-BC6A-310AAF06E27F}"
	ProjectSection(SolutionItems) = preProject
		.editorconfig = .editorconfig
	EndProjectSection
EndProject
Project("{9A19103F-16F7-4668-BE54-9A1E7A4F7556}") = "_build", "build\_build.csproj", "{94DDBEBB-0F1C-460F-9826-9A553885C49B}"
EndProject
Project("{2150E333-8FDC-42A3-9474-1A3956D46DE8}") = "main", "main", "{98C89DFD-541F-4E57-8F05-F7F6C99C9B1B}"
EndProject
Project("{2150E333-8FDC-42A3-9474-1A3956D46DE8}") = "plugins", "plugins", "{41B01542-7212-43AC-81AD-F76E401F1340}"
EndProject
Project("{2150E333-8FDC-42A3-9474-1A3956D46DE8}") = "test", "test", "{42A1FEE9-EEEE-4F5D-97D8-159935D15DBE}"
EndProject
Project("{9A19103F-16F7-4668-BE54-9A1E7A4F7556}") = "GarryDB.UI.Shared", "src\plugins\GarryDB.UI.Shared\GarryDB.UI.Shared.csproj", "{2F9364F1-D122-4814-8B50-4F5F26E8B439}"
EndProject
Project("{9A19103F-16F7-4668-BE54-9A1E7A4F7556}") = "GarryDB.UI", "src\plugins\GarryDB.UI\GarryDB.UI.csproj", "{46251F20-913F-4B74-8549-5180A3C20315}"
EndProject
Project("{9A19103F-16F7-4668-BE54-9A1E7A4F7556}") = "LucenePlugin", "src\plugins\LucenePlugin\LucenePlugin.csproj", "{00FE9DA0-923D-438D-BB2C-0DC86CA6A28C}"
EndProject
Project("{9A19103F-16F7-4668-BE54-9A1E7A4F7556}") = "ExtendAvalonia", "src\plugins\ExtendAvalonia\ExtendAvalonia.csproj", "{AAF2C349-BC70-4B31-891A-254CFA78ED5E}"
EndProject
Project("{9A19103F-16F7-4668-BE54-9A1E7A4F7556}") = "GarryDB.Specs", "src\test\GarryDB.Specs\GarryDB.Specs.csproj", "{EE7562B6-E2AE-473E-98A9-1DDDBAA6A969}"
EndProject
Project("{9A19103F-16F7-4668-BE54-9A1E7A4F7556}") = "GarryDB.Platform", "src\main\GarryDB.Platform\GarryDB.Platform.csproj", "{5FE7A1FA-C435-4DB6-BB79-9B1D92CFBB82}"
EndProject
Project("{9A19103F-16F7-4668-BE54-9A1E7A4F7556}") = "GarryDB.Plugins", "src\main\GarryDB.Plugins\GarryDB.Plugins.csproj", "{C09ADDB1-7A48-463D-9971-20F5910A23AF}"
EndProject
Project("{9A19103F-16F7-4668-BE54-9A1E7A4F7556}") = "GarryDB.Wpf.Host", "src\main\GarryDB.Wpf.Host\GarryDB.Wpf.Host.csproj", "{43DAC78C-A760-45F1-B0B6-8D7CC483BE3C}"
EndProject
Project("{9A19103F-16F7-4668-BE54-9A1E7A4F7556}") = "GarryDB", "src\main\GarryDB\GarryDB.csproj", "{FC7D7631-032B-431D-8636-9C2B2E088827}"
EndProject
Project("{9A19103F-16F7-4668-BE54-9A1E7A4F7556}") = "ExamplePlugin.Contract", "src\test\ExamplePlugin.Contract\ExamplePlugin.Contract.csproj", "{1FA6CDDF-6E54-4B31-B823-1561C9B3FF2C}"
EndProject
Project("{9A19103F-16F7-4668-BE54-9A1E7A4F7556}") = "ExamplePlugin.Shared", "src\test\ExamplePlugin.Shared\ExamplePlugin.Shared.csproj", "{C9EB7149-327D-4876-A349-0D3C3E60713E}"
EndProject
Project("{9A19103F-16F7-4668-BE54-9A1E7A4F7556}") = "ExamplePlugin", "src\test\ExamplePlugin\ExamplePlugin.csproj", "{51072017-DD76-463F-BC43-69FCF337B927}"
EndProject
Project("{9A19103F-16F7-4668-BE54-9A1E7A4F7556}") = "DependsOnExamplePlugin", "src\test\DependsOnExamplePlugin\DependsOnExamplePlugin.csproj", "{0F4B1244-B8C8-487F-8C18-852152AB161A}"
EndProject
Global
	GlobalSection(SolutionConfigurationPlatforms) = preSolution
		Debug|Any CPU = Debug|Any CPU
		Release|Any CPU = Release|Any CPU
	EndGlobalSection
	GlobalSection(ProjectConfigurationPlatforms) = postSolution
		{94DDBEBB-0F1C-460F-9826-9A553885C49B}.Debug|Any CPU.ActiveCfg = Debug|Any CPU
		{94DDBEBB-0F1C-460F-9826-9A553885C49B}.Release|Any CPU.ActiveCfg = Release|Any CPU
		{2F9364F1-D122-4814-8B50-4F5F26E8B439}.Debug|Any CPU.ActiveCfg = Debug|Any CPU
		{2F9364F1-D122-4814-8B50-4F5F26E8B439}.Debug|Any CPU.Build.0 = Debug|Any CPU
		{2F9364F1-D122-4814-8B50-4F5F26E8B439}.Release|Any CPU.ActiveCfg = Release|Any CPU
		{2F9364F1-D122-4814-8B50-4F5F26E8B439}.Release|Any CPU.Build.0 = Release|Any CPU
		{46251F20-913F-4B74-8549-5180A3C20315}.Debug|Any CPU.ActiveCfg = Debug|Any CPU
		{46251F20-913F-4B74-8549-5180A3C20315}.Debug|Any CPU.Build.0 = Debug|Any CPU
		{46251F20-913F-4B74-8549-5180A3C20315}.Release|Any CPU.ActiveCfg = Release|Any CPU
		{46251F20-913F-4B74-8549-5180A3C20315}.Release|Any CPU.Build.0 = Release|Any CPU
		{00FE9DA0-923D-438D-BB2C-0DC86CA6A28C}.Debug|Any CPU.ActiveCfg = Debug|Any CPU
		{00FE9DA0-923D-438D-BB2C-0DC86CA6A28C}.Debug|Any CPU.Build.0 = Debug|Any CPU
		{00FE9DA0-923D-438D-BB2C-0DC86CA6A28C}.Release|Any CPU.ActiveCfg = Release|Any CPU
		{00FE9DA0-923D-438D-BB2C-0DC86CA6A28C}.Release|Any CPU.Build.0 = Release|Any CPU
		{AAF2C349-BC70-4B31-891A-254CFA78ED5E}.Debug|Any CPU.ActiveCfg = Debug|Any CPU
		{AAF2C349-BC70-4B31-891A-254CFA78ED5E}.Debug|Any CPU.Build.0 = Debug|Any CPU
		{AAF2C349-BC70-4B31-891A-254CFA78ED5E}.Release|Any CPU.ActiveCfg = Release|Any CPU
		{AAF2C349-BC70-4B31-891A-254CFA78ED5E}.Release|Any CPU.Build.0 = Release|Any CPU
		{EE7562B6-E2AE-473E-98A9-1DDDBAA6A969}.Debug|Any CPU.ActiveCfg = Debug|Any CPU
		{EE7562B6-E2AE-473E-98A9-1DDDBAA6A969}.Debug|Any CPU.Build.0 = Debug|Any CPU
		{EE7562B6-E2AE-473E-98A9-1DDDBAA6A969}.Release|Any CPU.ActiveCfg = Release|Any CPU
		{EE7562B6-E2AE-473E-98A9-1DDDBAA6A969}.Release|Any CPU.Build.0 = Release|Any CPU
		{5FE7A1FA-C435-4DB6-BB79-9B1D92CFBB82}.Debug|Any CPU.ActiveCfg = Debug|Any CPU
		{5FE7A1FA-C435-4DB6-BB79-9B1D92CFBB82}.Debug|Any CPU.Build.0 = Debug|Any CPU
		{5FE7A1FA-C435-4DB6-BB79-9B1D92CFBB82}.Release|Any CPU.ActiveCfg = Release|Any CPU
		{5FE7A1FA-C435-4DB6-BB79-9B1D92CFBB82}.Release|Any CPU.Build.0 = Release|Any CPU
		{C09ADDB1-7A48-463D-9971-20F5910A23AF}.Debug|Any CPU.ActiveCfg = Debug|Any CPU
		{C09ADDB1-7A48-463D-9971-20F5910A23AF}.Debug|Any CPU.Build.0 = Debug|Any CPU
		{C09ADDB1-7A48-463D-9971-20F5910A23AF}.Release|Any CPU.ActiveCfg = Release|Any CPU
		{C09ADDB1-7A48-463D-9971-20F5910A23AF}.Release|Any CPU.Build.0 = Release|Any CPU
		{43DAC78C-A760-45F1-B0B6-8D7CC483BE3C}.Debug|Any CPU.ActiveCfg = Debug|Any CPU
		{43DAC78C-A760-45F1-B0B6-8D7CC483BE3C}.Debug|Any CPU.Build.0 = Debug|Any CPU
		{43DAC78C-A760-45F1-B0B6-8D7CC483BE3C}.Release|Any CPU.ActiveCfg = Release|Any CPU
		{43DAC78C-A760-45F1-B0B6-8D7CC483BE3C}.Release|Any CPU.Build.0 = Release|Any CPU
		{FC7D7631-032B-431D-8636-9C2B2E088827}.Debug|Any CPU.ActiveCfg = Debug|Any CPU
		{FC7D7631-032B-431D-8636-9C2B2E088827}.Debug|Any CPU.Build.0 = Debug|Any CPU
		{FC7D7631-032B-431D-8636-9C2B2E088827}.Release|Any CPU.ActiveCfg = Release|Any CPU
		{FC7D7631-032B-431D-8636-9C2B2E088827}.Release|Any CPU.Build.0 = Release|Any CPU
		{1FA6CDDF-6E54-4B31-B823-1561C9B3FF2C}.Debug|Any CPU.ActiveCfg = Debug|Any CPU
		{1FA6CDDF-6E54-4B31-B823-1561C9B3FF2C}.Debug|Any CPU.Build.0 = Debug|Any CPU
		{1FA6CDDF-6E54-4B31-B823-1561C9B3FF2C}.Release|Any CPU.ActiveCfg = Release|Any CPU
		{1FA6CDDF-6E54-4B31-B823-1561C9B3FF2C}.Release|Any CPU.Build.0 = Release|Any CPU
		{C9EB7149-327D-4876-A349-0D3C3E60713E}.Debug|Any CPU.ActiveCfg = Debug|Any CPU
		{C9EB7149-327D-4876-A349-0D3C3E60713E}.Debug|Any CPU.Build.0 = Debug|Any CPU
		{C9EB7149-327D-4876-A349-0D3C3E60713E}.Release|Any CPU.ActiveCfg = Release|Any CPU
		{C9EB7149-327D-4876-A349-0D3C3E60713E}.Release|Any CPU.Build.0 = Release|Any CPU
		{51072017-DD76-463F-BC43-69FCF337B927}.Debug|Any CPU.ActiveCfg = Debug|Any CPU
		{51072017-DD76-463F-BC43-69FCF337B927}.Debug|Any CPU.Build.0 = Debug|Any CPU
		{51072017-DD76-463F-BC43-69FCF337B927}.Release|Any CPU.ActiveCfg = Release|Any CPU
		{51072017-DD76-463F-BC43-69FCF337B927}.Release|Any CPU.Build.0 = Release|Any CPU
		{0F4B1244-B8C8-487F-8C18-852152AB161A}.Debug|Any CPU.ActiveCfg = Debug|Any CPU
		{0F4B1244-B8C8-487F-8C18-852152AB161A}.Debug|Any CPU.Build.0 = Debug|Any CPU
		{0F4B1244-B8C8-487F-8C18-852152AB161A}.Release|Any CPU.ActiveCfg = Release|Any CPU
		{0F4B1244-B8C8-487F-8C18-852152AB161A}.Release|Any CPU.Build.0 = Release|Any CPU
	EndGlobalSection
	GlobalSection(SolutionProperties) = preSolution
		HideSolutionNode = FALSE
	EndGlobalSection
	GlobalSection(NestedProjects) = preSolution
		{94DDBEBB-0F1C-460F-9826-9A553885C49B} = {A500D6C0-659C-4202-BC6A-310AAF06E27F}
		{2F9364F1-D122-4814-8B50-4F5F26E8B439} = {41B01542-7212-43AC-81AD-F76E401F1340}
		{46251F20-913F-4B74-8549-5180A3C20315} = {41B01542-7212-43AC-81AD-F76E401F1340}
		{00FE9DA0-923D-438D-BB2C-0DC86CA6A28C} = {41B01542-7212-43AC-81AD-F76E401F1340}
		{AAF2C349-BC70-4B31-891A-254CFA78ED5E} = {41B01542-7212-43AC-81AD-F76E401F1340}
		{EE7562B6-E2AE-473E-98A9-1DDDBAA6A969} = {42A1FEE9-EEEE-4F5D-97D8-159935D15DBE}
		{5FE7A1FA-C435-4DB6-BB79-9B1D92CFBB82} = {98C89DFD-541F-4E57-8F05-F7F6C99C9B1B}
		{C09ADDB1-7A48-463D-9971-20F5910A23AF} = {98C89DFD-541F-4E57-8F05-F7F6C99C9B1B}
		{43DAC78C-A760-45F1-B0B6-8D7CC483BE3C} = {98C89DFD-541F-4E57-8F05-F7F6C99C9B1B}
		{FC7D7631-032B-431D-8636-9C2B2E088827} = {98C89DFD-541F-4E57-8F05-F7F6C99C9B1B}
		{1FA6CDDF-6E54-4B31-B823-1561C9B3FF2C} = {42A1FEE9-EEEE-4F5D-97D8-159935D15DBE}
		{C9EB7149-327D-4876-A349-0D3C3E60713E} = {42A1FEE9-EEEE-4F5D-97D8-159935D15DBE}
		{51072017-DD76-463F-BC43-69FCF337B927} = {42A1FEE9-EEEE-4F5D-97D8-159935D15DBE}
		{0F4B1244-B8C8-487F-8C18-852152AB161A} = {42A1FEE9-EEEE-4F5D-97D8-159935D15DBE}
	EndGlobalSection
	GlobalSection(ExtensibilityGlobals) = postSolution
		SolutionGuid = {3D6C06C0-8AA3-4D76-9CB8-C34B6BB614DA}
	EndGlobalSection
EndGlobal
